// !$*UTF8*$!
{
	archiveVersion = 1;
	classes = {
	};
	objectVersion = 56;
	objects = {

/* Begin PBXBuildFile section */
		AE28CDCD2CA2F3AE00267E39 /* MakeItGreatApp.swift in Sources */ = {isa = PBXBuildFile; fileRef = AE28CDCC2CA2F3AE00267E39 /* MakeItGreatApp.swift */; };
		AE28CDCF2CA2F3AE00267E39 /* ContentView.swift in Sources */ = {isa = PBXBuildFile; fileRef = AE28CDCE2CA2F3AE00267E39 /* ContentView.swift */; };
		AE28CDD12CA2F3AF00267E39 /* Assets.xcassets in Resources */ = {isa = PBXBuildFile; fileRef = AE28CDD02CA2F3AF00267E39 /* Assets.xcassets */; };
		AE28CDD42CA2F3AF00267E39 /* Preview Assets.xcassets in Resources */ = {isa = PBXBuildFile; fileRef = AE28CDD32CA2F3AF00267E39 /* Preview Assets.xcassets */; };
		AE3847A72CABF46200D4ABB5 /* ProModel.swift in Sources */ = {isa = PBXBuildFile; fileRef = AE3847A62CABF45E00D4ABB5 /* ProModel.swift */; };
		AE3847A92CABF4C400D4ABB5 /* ConModel.swift in Sources */ = {isa = PBXBuildFile; fileRef = AE3847A82CABF4C200D4ABB5 /* ConModel.swift */; };
		AE3BFAB92CAC38A100DC1C67 /* DecisionView.swift in Sources */ = {isa = PBXBuildFile; fileRef = AE3BFAB82CAC389D00DC1C67 /* DecisionView.swift */; };
		AE5B33E52CA88BCD0055D650 /* DecisionCard.swift in Sources */ = {isa = PBXBuildFile; fileRef = AE5B33E42CA88BCD0055D650 /* DecisionCard.swift */; };
		AE5B33E72CA88CBF0055D650 /* HomeScreenView.swift in Sources */ = {isa = PBXBuildFile; fileRef = AE5B33E62CA88CBF0055D650 /* HomeScreenView.swift */; };
		AE7F8BBD2CA6D5FF00CD3835 /* ProConsView.swift in Sources */ = {isa = PBXBuildFile; fileRef = AE7F8BBC2CA6D5FF00CD3835 /* ProConsView.swift */; };
		AE7F8BBF2CA6D68F00CD3835 /* ItemCard.swift in Sources */ = {isa = PBXBuildFile; fileRef = AE7F8BBE2CA6D68F00CD3835 /* ItemCard.swift */; };
		AE7F8BC12CA6DA8B00CD3835 /* CardModel.swift in Sources */ = {isa = PBXBuildFile; fileRef = AE7F8BC02CA6DA8B00CD3835 /* CardModel.swift */; };
		AE7F8BC72CA6EABB00CD3835 /* ProgressBar.swift in Sources */ = {isa = PBXBuildFile; fileRef = AE7F8BC62CA6EABB00CD3835 /* ProgressBar.swift */; };
		AE8D856D2CB357A50032AD17 /* CustomPriorityPicker.swift in Sources */ = {isa = PBXBuildFile; fileRef = AE8D856C2CB3579A0032AD17 /* CustomPriorityPicker.swift */; };
		AE9E27A82CB6A4E4006FB9E4 /* PriorityTag.swift in Sources */ = {isa = PBXBuildFile; fileRef = AE9E27A72CB6A4DA006FB9E4 /* PriorityTag.swift */; };
		AE9E27AF2CB6CE8A006FB9E4 /* CustomFeelingPicker.swift in Sources */ = {isa = PBXBuildFile; fileRef = AE9E27AD2CB6CE8A006FB9E4 /* CustomFeelingPicker.swift */; };
		AE9E27B02CB6CE8A006FB9E4 /* FeelingItem.swift in Sources */ = {isa = PBXBuildFile; fileRef = AE9E27AE2CB6CE8A006FB9E4 /* FeelingItem.swift */; };
		AE9E32AE2CA383E5009235AC /* FormViewModel.swift in Sources */ = {isa = PBXBuildFile; fileRef = AE9E32AD2CA383E5009235AC /* FormViewModel.swift */; };
		AE9E32B02CA38485009235AC /* FirstPage.swift in Sources */ = {isa = PBXBuildFile; fileRef = AE9E32AF2CA38485009235AC /* FirstPage.swift */; };
		AE9E32B32CA3854D009235AC /* SecondPage.swift in Sources */ = {isa = PBXBuildFile; fileRef = AE9E32B22CA3854D009235AC /* SecondPage.swift */; };
		AE9E32B52CA3859D009235AC /* ThirdPage.swift in Sources */ = {isa = PBXBuildFile; fileRef = AE9E32B42CA3859D009235AC /* ThirdPage.swift */; };
		AED2E7342CB24F82005A89CD /* CustomDatePicker.swift in Sources */ = {isa = PBXBuildFile; fileRef = AED2E7332CB24F7B005A89CD /* CustomDatePicker.swift */; };
		AED2E7362CB25272005A89CD /* CustomHourPicker.swift in Sources */ = {isa = PBXBuildFile; fileRef = AED2E7352CB2526D005A89CD /* CustomHourPicker.swift */; };
		AEE99BEA2CB0145500CC299A /* EditView.swift in Sources */ = {isa = PBXBuildFile; fileRef = AEE99BE92CB0145300CC299A /* EditView.swift */; };
		AEFC12CA2CACC8C900E00B9D /* SettingsView.swift in Sources */ = {isa = PBXBuildFile; fileRef = AEFC12C82CACC8C900E00B9D /* SettingsView.swift */; };
		AEFC12CB2CACC8C900E00B9D /* AboutView.swift in Sources */ = {isa = PBXBuildFile; fileRef = AEFC12C72CACC8C900E00B9D /* AboutView.swift */; };
		AEFC12CE2CACC8EE00E00B9D /* LinkAbout.swift in Sources */ = {isa = PBXBuildFile; fileRef = AEFC12CC2CACC8EE00E00B9D /* LinkAbout.swift */; };
		AEFC12CF2CACC8EE00E00B9D /* SettingsViewModel.swift in Sources */ = {isa = PBXBuildFile; fileRef = AEFC12CD2CACC8EE00E00B9D /* SettingsViewModel.swift */; };
		E92604D32CAC1B8A002F0C77 /* SearchView.swift in Sources */ = {isa = PBXBuildFile; fileRef = E92604D22CAC1B8A002F0C77 /* SearchView.swift */; };
		FCB75B7A2CBFF40E00584DDC /* SplashScreenView.swift in Sources */ = {isa = PBXBuildFile; fileRef = FCB75B792CBFF40E00584DDC /* SplashScreenView.swift */; };
		FCB75B7D2CBFF6CF00584DDC /* animation.json in Resources */ = {isa = PBXBuildFile; fileRef = FCB75B7C2CBFF6CF00584DDC /* animation.json */; };
		FCB75B802CBFF88F00584DDC /* Lottie in Frameworks */ = {isa = PBXBuildFile; productRef = FCB75B7F2CBFF88F00584DDC /* Lottie */; };
/* End PBXBuildFile section */

/* Begin PBXFileReference section */
		AE28CDC92CA2F3AE00267E39 /* MakeItGreat.app */ = {isa = PBXFileReference; explicitFileType = wrapper.application; includeInIndex = 0; path = MakeItGreat.app; sourceTree = BUILT_PRODUCTS_DIR; };
		AE28CDCC2CA2F3AE00267E39 /* MakeItGreatApp.swift */ = {isa = PBXFileReference; lastKnownFileType = sourcecode.swift; path = MakeItGreatApp.swift; sourceTree = "<group>"; };
		AE28CDCE2CA2F3AE00267E39 /* ContentView.swift */ = {isa = PBXFileReference; lastKnownFileType = sourcecode.swift; path = ContentView.swift; sourceTree = "<group>"; };
		AE28CDD02CA2F3AF00267E39 /* Assets.xcassets */ = {isa = PBXFileReference; lastKnownFileType = folder.assetcatalog; path = Assets.xcassets; sourceTree = "<group>"; };
		AE28CDD32CA2F3AF00267E39 /* Preview Assets.xcassets */ = {isa = PBXFileReference; lastKnownFileType = folder.assetcatalog; path = "Preview Assets.xcassets"; sourceTree = "<group>"; };
		AE3847A62CABF45E00D4ABB5 /* ProModel.swift */ = {isa = PBXFileReference; lastKnownFileType = sourcecode.swift; path = ProModel.swift; sourceTree = "<group>"; };
		AE3847A82CABF4C200D4ABB5 /* ConModel.swift */ = {isa = PBXFileReference; lastKnownFileType = sourcecode.swift; path = ConModel.swift; sourceTree = "<group>"; };
		AE3BFAB82CAC389D00DC1C67 /* DecisionView.swift */ = {isa = PBXFileReference; lastKnownFileType = sourcecode.swift; path = DecisionView.swift; sourceTree = "<group>"; };
		AE5B33E42CA88BCD0055D650 /* DecisionCard.swift */ = {isa = PBXFileReference; lastKnownFileType = sourcecode.swift; path = DecisionCard.swift; sourceTree = "<group>"; };
		AE5B33E62CA88CBF0055D650 /* HomeScreenView.swift */ = {isa = PBXFileReference; lastKnownFileType = sourcecode.swift; path = HomeScreenView.swift; sourceTree = "<group>"; };
		AE7B18792CB420830004C164 /* CustomFeelingPicker.swift */ = {isa = PBXFileReference; lastKnownFileType = sourcecode.swift; path = CustomFeelingPicker.swift; sourceTree = "<group>"; };
		AE7B187B2CB420DC0004C164 /* FeelingItem.swift */ = {isa = PBXFileReference; lastKnownFileType = sourcecode.swift; path = FeelingItem.swift; sourceTree = "<group>"; };
		AE7F8BBC2CA6D5FF00CD3835 /* ProConsView.swift */ = {isa = PBXFileReference; lastKnownFileType = sourcecode.swift; path = ProConsView.swift; sourceTree = "<group>"; };
		AE7F8BBE2CA6D68F00CD3835 /* ItemCard.swift */ = {isa = PBXFileReference; lastKnownFileType = sourcecode.swift; path = ItemCard.swift; sourceTree = "<group>"; };
		AE7F8BC02CA6DA8B00CD3835 /* CardModel.swift */ = {isa = PBXFileReference; lastKnownFileType = sourcecode.swift; path = CardModel.swift; sourceTree = "<group>"; };
		AE7F8BC62CA6EABB00CD3835 /* ProgressBar.swift */ = {isa = PBXFileReference; lastKnownFileType = sourcecode.swift; path = ProgressBar.swift; sourceTree = "<group>"; };
		AE8D856C2CB3579A0032AD17 /* CustomPriorityPicker.swift */ = {isa = PBXFileReference; lastKnownFileType = sourcecode.swift; path = CustomPriorityPicker.swift; sourceTree = "<group>"; };
		AE9E27A72CB6A4DA006FB9E4 /* PriorityTag.swift */ = {isa = PBXFileReference; lastKnownFileType = sourcecode.swift; path = PriorityTag.swift; sourceTree = "<group>"; };
		AE9E27AD2CB6CE8A006FB9E4 /* CustomFeelingPicker.swift */ = {isa = PBXFileReference; lastKnownFileType = sourcecode.swift; path = CustomFeelingPicker.swift; sourceTree = "<group>"; };
		AE9E27AE2CB6CE8A006FB9E4 /* FeelingItem.swift */ = {isa = PBXFileReference; lastKnownFileType = sourcecode.swift; path = FeelingItem.swift; sourceTree = "<group>"; };
		AE9E32AD2CA383E5009235AC /* FormViewModel.swift */ = {isa = PBXFileReference; lastKnownFileType = sourcecode.swift; path = FormViewModel.swift; sourceTree = "<group>"; };
		AE9E32AF2CA38485009235AC /* FirstPage.swift */ = {isa = PBXFileReference; lastKnownFileType = sourcecode.swift; path = FirstPage.swift; sourceTree = "<group>"; };
		AE9E32B22CA3854D009235AC /* SecondPage.swift */ = {isa = PBXFileReference; lastKnownFileType = sourcecode.swift; path = SecondPage.swift; sourceTree = "<group>"; };
		AE9E32B42CA3859D009235AC /* ThirdPage.swift */ = {isa = PBXFileReference; lastKnownFileType = sourcecode.swift; path = ThirdPage.swift; sourceTree = "<group>"; };
		AED2E7332CB24F7B005A89CD /* CustomDatePicker.swift */ = {isa = PBXFileReference; lastKnownFileType = sourcecode.swift; path = CustomDatePicker.swift; sourceTree = "<group>"; };
		AED2E7352CB2526D005A89CD /* CustomHourPicker.swift */ = {isa = PBXFileReference; lastKnownFileType = sourcecode.swift; path = CustomHourPicker.swift; sourceTree = "<group>"; };
		AEE99BE92CB0145300CC299A /* EditView.swift */ = {isa = PBXFileReference; lastKnownFileType = sourcecode.swift; path = EditView.swift; sourceTree = "<group>"; };
		AEFC12C72CACC8C900E00B9D /* AboutView.swift */ = {isa = PBXFileReference; lastKnownFileType = sourcecode.swift; path = AboutView.swift; sourceTree = "<group>"; };
		AEFC12C82CACC8C900E00B9D /* SettingsView.swift */ = {isa = PBXFileReference; lastKnownFileType = sourcecode.swift; path = SettingsView.swift; sourceTree = "<group>"; };
		AEFC12CC2CACC8EE00E00B9D /* LinkAbout.swift */ = {isa = PBXFileReference; lastKnownFileType = sourcecode.swift; path = LinkAbout.swift; sourceTree = "<group>"; };
		AEFC12CD2CACC8EE00E00B9D /* SettingsViewModel.swift */ = {isa = PBXFileReference; lastKnownFileType = sourcecode.swift; path = SettingsViewModel.swift; sourceTree = "<group>"; };
		E92604D22CAC1B8A002F0C77 /* SearchView.swift */ = {isa = PBXFileReference; lastKnownFileType = sourcecode.swift; path = SearchView.swift; sourceTree = "<group>"; };
		FCB75B792CBFF40E00584DDC /* SplashScreenView.swift */ = {isa = PBXFileReference; lastKnownFileType = sourcecode.swift; path = SplashScreenView.swift; sourceTree = "<group>"; };
		FCB75B7C2CBFF6CF00584DDC /* animation.json */ = {isa = PBXFileReference; lastKnownFileType = text.json; path = animation.json; sourceTree = "<group>"; };
/* End PBXFileReference section */

/* Begin PBXFrameworksBuildPhase section */
		AE28CDC62CA2F3AE00267E39 /* Frameworks */ = {
			isa = PBXFrameworksBuildPhase;
			buildActionMask = 2147483647;
			files = (
				FCB75B802CBFF88F00584DDC /* Lottie in Frameworks */,
			);
			runOnlyForDeploymentPostprocessing = 0;
		};
/* End PBXFrameworksBuildPhase section */

/* Begin PBXGroup section */
		AE28CDC02CA2F3AE00267E39 = {
			isa = PBXGroup;
			children = (
				AE28CDCB2CA2F3AE00267E39 /* MakeItGreat */,
				AE28CDCA2CA2F3AE00267E39 /* Products */,
				AE9E27AB2CB6CDBF006FB9E4 /* Recovered References */,
			);
			sourceTree = "<group>";
		};
		AE28CDCA2CA2F3AE00267E39 /* Products */ = {
			isa = PBXGroup;
			children = (
				AE28CDC92CA2F3AE00267E39 /* MakeItGreat.app */,
			);
			name = Products;
			sourceTree = "<group>";
		};
		AE28CDCB2CA2F3AE00267E39 /* MakeItGreat */ = {
			isa = PBXGroup;
			children = (
				FCB75B7B2CBFF69800584DDC /* Lottie */,
				AE7F8BB52CA6D53800CD3835 /* Model */,
				AE9E32AC2CA383D5009235AC /* ViewModel */,
				AE9E32A72CA358A1009235AC /* View */,
				AE28CDCC2CA2F3AE00267E39 /* MakeItGreatApp.swift */,
				AE28CDCE2CA2F3AE00267E39 /* ContentView.swift */,
				AE28CDD02CA2F3AF00267E39 /* Assets.xcassets */,
				AE28CDD22CA2F3AF00267E39 /* Preview Content */,
			);
			path = MakeItGreat;
			sourceTree = "<group>";
		};
		AE28CDD22CA2F3AF00267E39 /* Preview Content */ = {
			isa = PBXGroup;
			children = (
				AE28CDD32CA2F3AF00267E39 /* Preview Assets.xcassets */,
			);
			path = "Preview Content";
			sourceTree = "<group>";
		};
		AE7F8BB52CA6D53800CD3835 /* Model */ = {
			isa = PBXGroup;
			children = (
				AE3847A82CABF4C200D4ABB5 /* ConModel.swift */,
				AE3847A62CABF45E00D4ABB5 /* ProModel.swift */,
				AE7F8BC02CA6DA8B00CD3835 /* CardModel.swift */,
			);
			path = Model;
			sourceTree = "<group>";
		};
		AE7F8BBB2CA6D5E500CD3835 /* Components */ = {
			isa = PBXGroup;
			children = (
				AE9E27A72CB6A4DA006FB9E4 /* PriorityTag.swift */,
				AE9E27AD2CB6CE8A006FB9E4 /* CustomFeelingPicker.swift */,
				AE9E27AE2CB6CE8A006FB9E4 /* FeelingItem.swift */,
				AE8D856C2CB3579A0032AD17 /* CustomPriorityPicker.swift */,
				AED2E7352CB2526D005A89CD /* CustomHourPicker.swift */,
				AED2E7332CB24F7B005A89CD /* CustomDatePicker.swift */,
				AE7F8BBE2CA6D68F00CD3835 /* ItemCard.swift */,
				AE7F8BC62CA6EABB00CD3835 /* ProgressBar.swift */,
				AE5B33E42CA88BCD0055D650 /* DecisionCard.swift */,
			);
			path = Components;
			sourceTree = "<group>";
		};
		AE9E27AB2CB6CDBF006FB9E4 /* Recovered References */ = {
			isa = PBXGroup;
			children = (
				AE7B187B2CB420DC0004C164 /* FeelingItem.swift */,
				AE7B18792CB420830004C164 /* CustomFeelingPicker.swift */,
			);
			name = "Recovered References";
			sourceTree = "<group>";
		};
		AE9E32A72CA358A1009235AC /* View */ = {
			isa = PBXGroup;
			children = (
				AEFC12C92CACC8C900E00B9D /* Settings */,
				AE7F8BBB2CA6D5E500CD3835 /* Components */,
				AE9E32B12CA3853B009235AC /* Form */,
				AEE99BE92CB0145300CC299A /* EditView.swift */,
				AE3BFAB82CAC389D00DC1C67 /* DecisionView.swift */,
				AE7F8BBC2CA6D5FF00CD3835 /* ProConsView.swift */,
				AE5B33E62CA88CBF0055D650 /* HomeScreenView.swift */,
				E92604D22CAC1B8A002F0C77 /* SearchView.swift */,
				FCB75B792CBFF40E00584DDC /* SplashScreenView.swift */,
			);
			path = View;
			sourceTree = "<group>";
		};
		AE9E32AC2CA383D5009235AC /* ViewModel */ = {
			isa = PBXGroup;
			children = (
				AE9E32AD2CA383E5009235AC /* FormViewModel.swift */,
				AEFC12CC2CACC8EE00E00B9D /* LinkAbout.swift */,
				AEFC12CD2CACC8EE00E00B9D /* SettingsViewModel.swift */,
			);
			path = ViewModel;
			sourceTree = "<group>";
		};
		AE9E32B12CA3853B009235AC /* Form */ = {
			isa = PBXGroup;
			children = (
				AE9E32AF2CA38485009235AC /* FirstPage.swift */,
				AE9E32B22CA3854D009235AC /* SecondPage.swift */,
				AE9E32B42CA3859D009235AC /* ThirdPage.swift */,
			);
			path = Form;
			sourceTree = "<group>";
		};
		AEFC12C92CACC8C900E00B9D /* Settings */ = {
			isa = PBXGroup;
			children = (
				AEFC12C72CACC8C900E00B9D /* AboutView.swift */,
				AEFC12C82CACC8C900E00B9D /* SettingsView.swift */,
			);
			path = Settings;
			sourceTree = "<group>";
		};
		FCB75B7B2CBFF69800584DDC /* Lottie */ = {
			isa = PBXGroup;
			children = (
				FCB75B7C2CBFF6CF00584DDC /* animation.json */,
			);
			path = Lottie;
			sourceTree = "<group>";
		};
/* End PBXGroup section */

/* Begin PBXNativeTarget section */
		AE28CDC82CA2F3AE00267E39 /* MakeItGreat */ = {
			isa = PBXNativeTarget;
			buildConfigurationList = AE28CDD72CA2F3AF00267E39 /* Build configuration list for PBXNativeTarget "MakeItGreat" */;
			buildPhases = (
				AE28CDC52CA2F3AE00267E39 /* Sources */,
				AE28CDC62CA2F3AE00267E39 /* Frameworks */,
				AE28CDC72CA2F3AE00267E39 /* Resources */,
				AE9E32BB2CA38FC9009235AC /* ShellScript */,
			);
			buildRules = (
			);
			dependencies = (
			);
			name = MakeItGreat;
			packageProductDependencies = (
				FCB75B7F2CBFF88F00584DDC /* Lottie */,
			);
			productName = MakeItGreat;
			productReference = AE28CDC92CA2F3AE00267E39 /* MakeItGreat.app */;
			productType = "com.apple.product-type.application";
		};
/* End PBXNativeTarget section */

/* Begin PBXProject section */
		AE28CDC12CA2F3AE00267E39 /* Project object */ = {
			isa = PBXProject;
			attributes = {
				BuildIndependentTargetsInParallel = 1;
				LastSwiftUpdateCheck = 1530;
				LastUpgradeCheck = 1530;
				TargetAttributes = {
					AE28CDC82CA2F3AE00267E39 = {
						CreatedOnToolsVersion = 15.3;
					};
				};
			};
			buildConfigurationList = AE28CDC42CA2F3AE00267E39 /* Build configuration list for PBXProject "MakeItGreat" */;
			compatibilityVersion = "Xcode 14.0";
			developmentRegion = en;
			hasScannedForEncodings = 0;
			knownRegions = (
				en,
				Base,
			);
			mainGroup = AE28CDC02CA2F3AE00267E39;
			packageReferences = (
				FCB75B7E2CBFF88F00584DDC /* XCRemoteSwiftPackageReference "lottie-ios" */,
			);
			productRefGroup = AE28CDCA2CA2F3AE00267E39 /* Products */;
			projectDirPath = "";
			projectRoot = "";
			targets = (
				AE28CDC82CA2F3AE00267E39 /* MakeItGreat */,
			);
		};
/* End PBXProject section */

/* Begin PBXResourcesBuildPhase section */
		AE28CDC72CA2F3AE00267E39 /* Resources */ = {
			isa = PBXResourcesBuildPhase;
			buildActionMask = 2147483647;
			files = (
				AE28CDD42CA2F3AF00267E39 /* Preview Assets.xcassets in Resources */,
				FCB75B7D2CBFF6CF00584DDC /* animation.json in Resources */,
				AE28CDD12CA2F3AF00267E39 /* Assets.xcassets in Resources */,
			);
			runOnlyForDeploymentPostprocessing = 0;
		};
/* End PBXResourcesBuildPhase section */

/* Begin PBXShellScriptBuildPhase section */
		AE9E32BB2CA38FC9009235AC /* ShellScript */ = {
			isa = PBXShellScriptBuildPhase;
			alwaysOutOfDate = 1;
			buildActionMask = 2147483647;
			files = (
			);
			inputFileListPaths = (
			);
			inputPaths = (
			);
			outputFileListPaths = (
			);
			outputPaths = (
			);
			runOnlyForDeploymentPostprocessing = 0;
			shellPath = /bin/sh;
			shellScript = "# Type a script or drag a script file from your workspace to insert its path.\nif [[ \"$(uname -m)\" == arm64 ]]; then\n    export PATH=\"/opt/homebrew/bin:$PATH\"\nfi\n\nif which swiftlint > /dev/null; then\n  swiftlint\nelse\n  echo \"warning: SwiftLint not installed, download from https://github.com/realm/SwiftLint\"\nfi\n";
			showEnvVarsInLog = 0;
		};
/* End PBXShellScriptBuildPhase section */

/* Begin PBXSourcesBuildPhase section */
		AE28CDC52CA2F3AE00267E39 /* Sources */ = {
			isa = PBXSourcesBuildPhase;
			buildActionMask = 2147483647;
			files = (
				AE7F8BBD2CA6D5FF00CD3835 /* ProConsView.swift in Sources */,
				AE3847A92CABF4C400D4ABB5 /* ConModel.swift in Sources */,
				FCB75B7A2CBFF40E00584DDC /* SplashScreenView.swift in Sources */,
				AEE99BEA2CB0145500CC299A /* EditView.swift in Sources */,
				AE9E32AE2CA383E5009235AC /* FormViewModel.swift in Sources */,
				AE9E32B02CA38485009235AC /* FirstPage.swift in Sources */,
				AE9E32B32CA3854D009235AC /* SecondPage.swift in Sources */,
				AE7F8BC12CA6DA8B00CD3835 /* CardModel.swift in Sources */,
				AE7F8BC72CA6EABB00CD3835 /* ProgressBar.swift in Sources */,
				AED2E7362CB25272005A89CD /* CustomHourPicker.swift in Sources */,
				AE5B33E72CA88CBF0055D650 /* HomeScreenView.swift in Sources */,
				AE5B33E52CA88BCD0055D650 /* DecisionCard.swift in Sources */,
				E92604D32CAC1B8A002F0C77 /* SearchView.swift in Sources */,
				AE7F8BBF2CA6D68F00CD3835 /* ItemCard.swift in Sources */,
				AEFC12CE2CACC8EE00E00B9D /* LinkAbout.swift in Sources */,
				AEFC12CF2CACC8EE00E00B9D /* SettingsViewModel.swift in Sources */,
				AE7F8BBF2CA6D68F00CD3835 /* ItemCard.swift in Sources */,
				AE9E32B52CA3859D009235AC /* ThirdPage.swift in Sources */,
				AE8D856D2CB357A50032AD17 /* CustomPriorityPicker.swift in Sources */,
				AEFC12CA2CACC8C900E00B9D /* SettingsView.swift in Sources */,
				AEFC12CB2CACC8C900E00B9D /* AboutView.swift in Sources */,
				AED2E7342CB24F82005A89CD /* CustomDatePicker.swift in Sources */,
				AE3BFAB92CAC38A100DC1C67 /* DecisionView.swift in Sources */,
				AE9E27AF2CB6CE8A006FB9E4 /* CustomFeelingPicker.swift in Sources */,
				AE9E27B02CB6CE8A006FB9E4 /* FeelingItem.swift in Sources */,
				AE3847A72CABF46200D4ABB5 /* ProModel.swift in Sources */,
				AE28CDCF2CA2F3AE00267E39 /* ContentView.swift in Sources */,
				AE9E27A82CB6A4E4006FB9E4 /* PriorityTag.swift in Sources */,
				AE28CDCD2CA2F3AE00267E39 /* MakeItGreatApp.swift in Sources */,
			);
			runOnlyForDeploymentPostprocessing = 0;
		};
/* End PBXSourcesBuildPhase section */

/* Begin XCBuildConfiguration section */
		AE28CDD52CA2F3AF00267E39 /* Debug */ = {
			isa = XCBuildConfiguration;
			buildSettings = {
				ALWAYS_SEARCH_USER_PATHS = NO;
				ASSETCATALOG_COMPILER_GENERATE_SWIFT_ASSET_SYMBOL_EXTENSIONS = YES;
				CLANG_ANALYZER_NONNULL = YES;
				CLANG_ANALYZER_NUMBER_OBJECT_CONVERSION = YES_AGGRESSIVE;
				CLANG_CXX_LANGUAGE_STANDARD = "gnu++20";
				CLANG_ENABLE_MODULES = YES;
				CLANG_ENABLE_OBJC_ARC = YES;
				CLANG_ENABLE_OBJC_WEAK = YES;
				CLANG_WARN_BLOCK_CAPTURE_AUTORELEASING = YES;
				CLANG_WARN_BOOL_CONVERSION = YES;
				CLANG_WARN_COMMA = YES;
				CLANG_WARN_CONSTANT_CONVERSION = YES;
				CLANG_WARN_DEPRECATED_OBJC_IMPLEMENTATIONS = YES;
				CLANG_WARN_DIRECT_OBJC_ISA_USAGE = YES_ERROR;
				CLANG_WARN_DOCUMENTATION_COMMENTS = YES;
				CLANG_WARN_EMPTY_BODY = YES;
				CLANG_WARN_ENUM_CONVERSION = YES;
				CLANG_WARN_INFINITE_RECURSION = YES;
				CLANG_WARN_INT_CONVERSION = YES;
				CLANG_WARN_NON_LITERAL_NULL_CONVERSION = YES;
				CLANG_WARN_OBJC_IMPLICIT_RETAIN_SELF = YES;
				CLANG_WARN_OBJC_LITERAL_CONVERSION = YES;
				CLANG_WARN_OBJC_ROOT_CLASS = YES_ERROR;
				CLANG_WARN_QUOTED_INCLUDE_IN_FRAMEWORK_HEADER = YES;
				CLANG_WARN_RANGE_LOOP_ANALYSIS = YES;
				CLANG_WARN_STRICT_PROTOTYPES = YES;
				CLANG_WARN_SUSPICIOUS_MOVE = YES;
				CLANG_WARN_UNGUARDED_AVAILABILITY = YES_AGGRESSIVE;
				CLANG_WARN_UNREACHABLE_CODE = YES;
				CLANG_WARN__DUPLICATE_METHOD_MATCH = YES;
				COPY_PHASE_STRIP = NO;
				DEBUG_INFORMATION_FORMAT = dwarf;
				ENABLE_STRICT_OBJC_MSGSEND = YES;
				ENABLE_TESTABILITY = YES;
				ENABLE_USER_SCRIPT_SANDBOXING = NO;
				GCC_C_LANGUAGE_STANDARD = gnu17;
				GCC_DYNAMIC_NO_PIC = NO;
				GCC_NO_COMMON_BLOCKS = YES;
				GCC_OPTIMIZATION_LEVEL = 0;
				GCC_PREPROCESSOR_DEFINITIONS = (
					"DEBUG=1",
					"$(inherited)",
				);
				GCC_WARN_64_TO_32_BIT_CONVERSION = YES;
				GCC_WARN_ABOUT_RETURN_TYPE = YES_ERROR;
				GCC_WARN_UNDECLARED_SELECTOR = YES;
				GCC_WARN_UNINITIALIZED_AUTOS = YES_AGGRESSIVE;
				GCC_WARN_UNUSED_FUNCTION = YES;
				GCC_WARN_UNUSED_VARIABLE = YES;
				IPHONEOS_DEPLOYMENT_TARGET = 17.4;
				LOCALIZATION_PREFERS_STRING_CATALOGS = YES;
				MTL_ENABLE_DEBUG_INFO = INCLUDE_SOURCE;
				MTL_FAST_MATH = YES;
				ONLY_ACTIVE_ARCH = YES;
				SDKROOT = iphoneos;
				SWIFT_ACTIVE_COMPILATION_CONDITIONS = "DEBUG $(inherited)";
				SWIFT_OPTIMIZATION_LEVEL = "-Onone";
			};
			name = Debug;
		};
		AE28CDD62CA2F3AF00267E39 /* Release */ = {
			isa = XCBuildConfiguration;
			buildSettings = {
				ALWAYS_SEARCH_USER_PATHS = NO;
				ASSETCATALOG_COMPILER_GENERATE_SWIFT_ASSET_SYMBOL_EXTENSIONS = YES;
				CLANG_ANALYZER_NONNULL = YES;
				CLANG_ANALYZER_NUMBER_OBJECT_CONVERSION = YES_AGGRESSIVE;
				CLANG_CXX_LANGUAGE_STANDARD = "gnu++20";
				CLANG_ENABLE_MODULES = YES;
				CLANG_ENABLE_OBJC_ARC = YES;
				CLANG_ENABLE_OBJC_WEAK = YES;
				CLANG_WARN_BLOCK_CAPTURE_AUTORELEASING = YES;
				CLANG_WARN_BOOL_CONVERSION = YES;
				CLANG_WARN_COMMA = YES;
				CLANG_WARN_CONSTANT_CONVERSION = YES;
				CLANG_WARN_DEPRECATED_OBJC_IMPLEMENTATIONS = YES;
				CLANG_WARN_DIRECT_OBJC_ISA_USAGE = YES_ERROR;
				CLANG_WARN_DOCUMENTATION_COMMENTS = YES;
				CLANG_WARN_EMPTY_BODY = YES;
				CLANG_WARN_ENUM_CONVERSION = YES;
				CLANG_WARN_INFINITE_RECURSION = YES;
				CLANG_WARN_INT_CONVERSION = YES;
				CLANG_WARN_NON_LITERAL_NULL_CONVERSION = YES;
				CLANG_WARN_OBJC_IMPLICIT_RETAIN_SELF = YES;
				CLANG_WARN_OBJC_LITERAL_CONVERSION = YES;
				CLANG_WARN_OBJC_ROOT_CLASS = YES_ERROR;
				CLANG_WARN_QUOTED_INCLUDE_IN_FRAMEWORK_HEADER = YES;
				CLANG_WARN_RANGE_LOOP_ANALYSIS = YES;
				CLANG_WARN_STRICT_PROTOTYPES = YES;
				CLANG_WARN_SUSPICIOUS_MOVE = YES;
				CLANG_WARN_UNGUARDED_AVAILABILITY = YES_AGGRESSIVE;
				CLANG_WARN_UNREACHABLE_CODE = YES;
				CLANG_WARN__DUPLICATE_METHOD_MATCH = YES;
				COPY_PHASE_STRIP = NO;
				DEBUG_INFORMATION_FORMAT = "dwarf-with-dsym";
				ENABLE_NS_ASSERTIONS = NO;
				ENABLE_STRICT_OBJC_MSGSEND = YES;
				ENABLE_USER_SCRIPT_SANDBOXING = NO;
				GCC_C_LANGUAGE_STANDARD = gnu17;
				GCC_NO_COMMON_BLOCKS = YES;
				GCC_WARN_64_TO_32_BIT_CONVERSION = YES;
				GCC_WARN_ABOUT_RETURN_TYPE = YES_ERROR;
				GCC_WARN_UNDECLARED_SELECTOR = YES;
				GCC_WARN_UNINITIALIZED_AUTOS = YES_AGGRESSIVE;
				GCC_WARN_UNUSED_FUNCTION = YES;
				GCC_WARN_UNUSED_VARIABLE = YES;
				IPHONEOS_DEPLOYMENT_TARGET = 17.4;
				LOCALIZATION_PREFERS_STRING_CATALOGS = YES;
				MTL_ENABLE_DEBUG_INFO = NO;
				MTL_FAST_MATH = YES;
				SDKROOT = iphoneos;
				SWIFT_COMPILATION_MODE = wholemodule;
				VALIDATE_PRODUCT = YES;
			};
			name = Release;
		};
		AE28CDD82CA2F3AF00267E39 /* Debug */ = {
			isa = XCBuildConfiguration;
			buildSettings = {
				ASSETCATALOG_COMPILER_APPICON_NAME = AppIcon;
				ASSETCATALOG_COMPILER_GLOBAL_ACCENT_COLOR_NAME = AccentColor;
				CODE_SIGN_STYLE = Automatic;
				CURRENT_PROJECT_VERSION = 1;
				DEVELOPMENT_ASSET_PATHS = "\"MakeItGreat/Preview Content\"";
				DEVELOPMENT_TEAM = ZFH4AF7HSL;
				ENABLE_PREVIEWS = YES;
				GENERATE_INFOPLIST_FILE = YES;
				INFOPLIST_KEY_CFBundleDisplayName = Dewiser;
				INFOPLIST_KEY_NSFaceIDUsageDescription = "Unlock the app";
				INFOPLIST_KEY_UIApplicationSceneManifest_Generation = YES;
				INFOPLIST_KEY_UIApplicationSupportsIndirectInputEvents = YES;
				INFOPLIST_KEY_UILaunchScreen_Generation = YES;
				INFOPLIST_KEY_UISupportedInterfaceOrientations_iPad = "UIInterfaceOrientationPortrait UIInterfaceOrientationPortraitUpsideDown UIInterfaceOrientationLandscapeLeft UIInterfaceOrientationLandscapeRight";
				INFOPLIST_KEY_UISupportedInterfaceOrientations_iPhone = "UIInterfaceOrientationPortrait UIInterfaceOrientationLandscapeLeft UIInterfaceOrientationLandscapeRight";
				LD_RUNPATH_SEARCH_PATHS = (
					"$(inherited)",
					"@executable_path/Frameworks",
				);
				MARKETING_VERSION = 1.0;
				PRODUCT_BUNDLE_IDENTIFIER = Academy.MakeItGreat;
				PRODUCT_NAME = "$(TARGET_NAME)";
				SWIFT_EMIT_LOC_STRINGS = YES;
				SWIFT_VERSION = 5.0;
				TARGETED_DEVICE_FAMILY = "1,2";
			};
			name = Debug;
		};
		AE28CDD92CA2F3AF00267E39 /* Release */ = {
			isa = XCBuildConfiguration;
			buildSettings = {
				ASSETCATALOG_COMPILER_APPICON_NAME = AppIcon;
				ASSETCATALOG_COMPILER_GLOBAL_ACCENT_COLOR_NAME = AccentColor;
				CODE_SIGN_STYLE = Automatic;
				CURRENT_PROJECT_VERSION = 1;
				DEVELOPMENT_ASSET_PATHS = "\"MakeItGreat/Preview Content\"";
				DEVELOPMENT_TEAM = ZFH4AF7HSL;
				ENABLE_PREVIEWS = YES;
				GENERATE_INFOPLIST_FILE = YES;
				INFOPLIST_KEY_CFBundleDisplayName = Dewiser;
				INFOPLIST_KEY_NSFaceIDUsageDescription = "Unlock the app";
				INFOPLIST_KEY_UIApplicationSceneManifest_Generation = YES;
				INFOPLIST_KEY_UIApplicationSupportsIndirectInputEvents = YES;
				INFOPLIST_KEY_UILaunchScreen_Generation = YES;
				INFOPLIST_KEY_UISupportedInterfaceOrientations_iPad = "UIInterfaceOrientationPortrait UIInterfaceOrientationPortraitUpsideDown UIInterfaceOrientationLandscapeLeft UIInterfaceOrientationLandscapeRight";
				INFOPLIST_KEY_UISupportedInterfaceOrientations_iPhone = "UIInterfaceOrientationPortrait UIInterfaceOrientationLandscapeLeft UIInterfaceOrientationLandscapeRight";
				LD_RUNPATH_SEARCH_PATHS = (
					"$(inherited)",
					"@executable_path/Frameworks",
				);
				MARKETING_VERSION = 1.0;
				PRODUCT_BUNDLE_IDENTIFIER = Academy.MakeItGreat;
				PRODUCT_NAME = "$(TARGET_NAME)";
				SWIFT_EMIT_LOC_STRINGS = YES;
				SWIFT_VERSION = 5.0;
				TARGETED_DEVICE_FAMILY = "1,2";
			};
			name = Release;
		};
/* End XCBuildConfiguration section */

/* Begin XCConfigurationList section */
		AE28CDC42CA2F3AE00267E39 /* Build configuration list for PBXProject "MakeItGreat" */ = {
			isa = XCConfigurationList;
			buildConfigurations = (
				AE28CDD52CA2F3AF00267E39 /* Debug */,
				AE28CDD62CA2F3AF00267E39 /* Release */,
			);
			defaultConfigurationIsVisible = 0;
			defaultConfigurationName = Release;
		};
		AE28CDD72CA2F3AF00267E39 /* Build configuration list for PBXNativeTarget "MakeItGreat" */ = {
			isa = XCConfigurationList;
			buildConfigurations = (
				AE28CDD82CA2F3AF00267E39 /* Debug */,
				AE28CDD92CA2F3AF00267E39 /* Release */,
			);
			defaultConfigurationIsVisible = 0;
			defaultConfigurationName = Release;
		};
/* End XCConfigurationList section */

/* Begin XCRemoteSwiftPackageReference section */
		FCB75B7E2CBFF88F00584DDC /* XCRemoteSwiftPackageReference "lottie-ios" */ = {
			isa = XCRemoteSwiftPackageReference;
			repositoryURL = "https://github.com/airbnb/lottie-ios";
			requirement = {
				kind = upToNextMajorVersion;
				minimumVersion = 4.5.0;
			};
		};
/* End XCRemoteSwiftPackageReference section */

/* Begin XCSwiftPackageProductDependency section */
		FCB75B7F2CBFF88F00584DDC /* Lottie */ = {
			isa = XCSwiftPackageProductDependency;
			package = FCB75B7E2CBFF88F00584DDC /* XCRemoteSwiftPackageReference "lottie-ios" */;
			productName = Lottie;
		};
/* End XCSwiftPackageProductDependency section */
	};
	rootObject = AE28CDC12CA2F3AE00267E39 /* Project object */;
}
